
Microsoft Visual Studio Solution File, Format Version 12.00
# Visual Studio Version 17
VisualStudioVersion = 17.11.34929.205
MinimumVisualStudioVersion = 10.0.40219.1
Project("{FAE04EC0-301F-11D3-BF4B-00C04F79EFBC}") = "Web2", "Web2\Web2.csproj", "{048080D0-08BF-4207-B648-BC0E40F9F568}"
EndProject
Global
	GlobalSection(SolutionConfigurationPlatforms) = preSolution
		Debug|Any CPU = Debug|Any CPU
		Release|Any CPU = Release|Any CPU
	EndGlobalSection
	GlobalSection(ProjectConfigurationPlatforms) = postSolution
		{048080D0-08BF-4207-B648-BC0E40F9F568}.Debug|Any CPU.ActiveCfg = Debug|Any CPU
		{048080D0-08BF-4207-B648-BC0E40F9F568}.Debug|Any CPU.Build.0 = Debug|Any CPU
		{048080D0-08BF-4207-B648-BC0E40F9F568}.Release|Any CPU.ActiveCfg = Release|Any CPU
		{048080D0-08BF-4207-B648-BC0E40F9F568}.Release|Any CPU.Build.0 = Release|Any CPU
	EndGlobalSection
	GlobalSection(SolutionProperties) = preSolution
		HideSolutionNode = FALSE
	EndGlobalSection
	GlobalSection(ExtensibilityGlobals) = postSolution
		SolutionGuid = {CC12DAD8-61A8-4036-922F-BCDE57F585B7}
	EndGlobalSection
EndGlobal
